{
  "name": "peizhengproject",
  "lockfileVersion": 2,
  "requires": true,
  "packages": {
    "": {
      "dependencies": {
        "uqrcodejs": "^4.0.7"
      }
    },
    "node_modules/uqrcodejs": {
      "version": "4.0.7",
      "resolved": "https://registry.npmmirror.com/uqrcodejs/-/uqrcodejs-4.0.7.tgz",
      "integrity": "sha512-84+aZmD2godCVI+93lxE3YUAPNY8zAJvNA7xRS7R7U+q57KzMDepBSfNCwoRUhWOfR6eHFoAOcHRPwsP6ka1cA=="
    }
  },
  "dependencies": {
    "uqrcodejs": {
      "version": "4.0.7",
      "resolved": "https://registry.npmmirror.com/uqrcodejs/-/uqrcodejs-4.0.7.tgz",
      "integrity": "sha512-84+aZmD2godCVI+93lxE3YUAPNY8zAJvNA7xRS7R7U+q57KzMDepBSfNCwoRUhWOfR6eHFoAOcHRPwsP6ka1cA=="
    }
  }
}
